
Microsoft Visual Studio Solution File, Format Version 12.00
# Visual Studio 15
VisualStudioVersion = 15.0.28307.1231
MinimumVisualStudioVersion = 10.0.40219.1
Project("{FAE04EC0-301F-11D3-BF4B-00C04F79EFBC}") = "WeatherWebApplication", "WeatherWebApplication\WeatherWebApplication.csproj", "{30038691-CF32-47A5-A5D8-7CB8962052E3}"
EndProject
Global
	GlobalSection(SolutionConfigurationPlatforms) = preSolution
		Debug|Any CPU = Debug|Any CPU
		Release|Any CPU = Release|Any CPU
	EndGlobalSection
	GlobalSection(ProjectConfigurationPlatforms) = postSolution
		{30038691-CF32-47A5-A5D8-7CB8962052E3}.Debug|Any CPU.ActiveCfg = Debug|Any CPU
		{30038691-CF32-47A5-A5D8-7CB8962052E3}.Debug|Any CPU.Build.0 = Debug|Any CPU
		{30038691-CF32-47A5-A5D8-7CB8962052E3}.Release|Any CPU.ActiveCfg = Release|Any CPU
		{30038691-CF32-47A5-A5D8-7CB8962052E3}.Release|Any CPU.Build.0 = Release|Any CPU
	EndGlobalSection
	GlobalSection(SolutionProperties) = preSolution
		HideSolutionNode = FALSE
	EndGlobalSection
	GlobalSection(ExtensibilityGlobals) = postSolution
		SolutionGuid = {EAF11A49-71D4-4113-BF58-D326BA93DBD9}
	EndGlobalSection
EndGlobal
